
Microsoft Visual Studio Solution File, Format Version 12.00
# Visual Studio 15
VisualStudioVersion = 15.0.27130.2036
MinimumVisualStudioVersion = 10.0.40219.1
Project("{FAE04EC0-301F-11D3-BF4B-00C04F79EFBC}") = "XFace", "XFace\XFace.csproj", "{8DF9A532-ECE7-4937-89CD-D20E3F113110}"
EndProject
Project("{FAE04EC0-301F-11D3-BF4B-00C04F79EFBC}") = "BusinessLayer", "BusinessLayer\BusinessLayer.csproj", "{C5CA4D57-1D06-43A1-A5DB-D68BA7E4C48D}"
EndProject
Project("{FAE04EC0-301F-11D3-BF4B-00C04F79EFBC}") = "DataLayer", "DataLayer\DataLayer.csproj", "{DA0E4821-33B7-4CD2-9B0D-5C94F831B473}"
EndProject
Global
	GlobalSection(SolutionConfigurationPlatforms) = preSolution
		Debug|Any CPU = Debug|Any CPU
		Debug|x86 = Debug|x86
		Release|Any CPU = Release|Any CPU
		Release|x86 = Release|x86
	EndGlobalSection
	GlobalSection(ProjectConfigurationPlatforms) = postSolution
		{8DF9A532-ECE7-4937-89CD-D20E3F113110}.Debug|Any CPU.ActiveCfg = Debug|Any CPU
		{8DF9A532-ECE7-4937-89CD-D20E3F113110}.Debug|Any CPU.Build.0 = Debug|Any CPU
		{8DF9A532-ECE7-4937-89CD-D20E3F113110}.Debug|x86.ActiveCfg = Debug|Any CPU
		{8DF9A532-ECE7-4937-89CD-D20E3F113110}.Debug|x86.Build.0 = Debug|Any CPU
		{8DF9A532-ECE7-4937-89CD-D20E3F113110}.Release|Any CPU.ActiveCfg = Release|Any CPU
		{8DF9A532-ECE7-4937-89CD-D20E3F113110}.Release|Any CPU.Build.0 = Release|Any CPU
		{8DF9A532-ECE7-4937-89CD-D20E3F113110}.Release|x86.ActiveCfg = Release|Any CPU
		{8DF9A532-ECE7-4937-89CD-D20E3F113110}.Release|x86.Build.0 = Release|Any CPU
		{C5CA4D57-1D06-43A1-A5DB-D68BA7E4C48D}.Debug|Any CPU.ActiveCfg = Debug|Any CPU
		{C5CA4D57-1D06-43A1-A5DB-D68BA7E4C48D}.Debug|Any CPU.Build.0 = Debug|Any CPU
		{C5CA4D57-1D06-43A1-A5DB-D68BA7E4C48D}.Debug|x86.ActiveCfg = Debug|Any CPU
		{C5CA4D57-1D06-43A1-A5DB-D68BA7E4C48D}.Debug|x86.Build.0 = Debug|Any CPU
		{C5CA4D57-1D06-43A1-A5DB-D68BA7E4C48D}.Release|Any CPU.ActiveCfg = Release|Any CPU
		{C5CA4D57-1D06-43A1-A5DB-D68BA7E4C48D}.Release|Any CPU.Build.0 = Release|Any CPU
		{C5CA4D57-1D06-43A1-A5DB-D68BA7E4C48D}.Release|x86.ActiveCfg = Release|Any CPU
		{C5CA4D57-1D06-43A1-A5DB-D68BA7E4C48D}.Release|x86.Build.0 = Release|Any CPU
		{DA0E4821-33B7-4CD2-9B0D-5C94F831B473}.Debug|Any CPU.ActiveCfg = Debug|Any CPU
		{DA0E4821-33B7-4CD2-9B0D-5C94F831B473}.Debug|Any CPU.Build.0 = Debug|Any CPU
		{DA0E4821-33B7-4CD2-9B0D-5C94F831B473}.Debug|x86.ActiveCfg = Debug|Any CPU
		{DA0E4821-33B7-4CD2-9B0D-5C94F831B473}.Debug|x86.Build.0 = Debug|Any CPU
		{DA0E4821-33B7-4CD2-9B0D-5C94F831B473}.Release|Any CPU.ActiveCfg = Release|Any CPU
		{DA0E4821-33B7-4CD2-9B0D-5C94F831B473}.Release|Any CPU.Build.0 = Release|Any CPU
		{DA0E4821-33B7-4CD2-9B0D-5C94F831B473}.Release|x86.ActiveCfg = Release|Any CPU
		{DA0E4821-33B7-4CD2-9B0D-5C94F831B473}.Release|x86.Build.0 = Release|Any CPU
	EndGlobalSection
	GlobalSection(SolutionProperties) = preSolution
		HideSolutionNode = FALSE
	EndGlobalSection
	GlobalSection(ExtensibilityGlobals) = postSolution
		SolutionGuid = {85FC2FF4-CAB1-47C0-AF61-D2808253122A}
	EndGlobalSection
EndGlobal
